{
  "tool": "gcc",
  "versions": {
    "2025.08-1": {
      "linux/x86_64": {
        "url": "https://toolchains.bootlin.com/downloads/releases/toolchains/x86-64/tarballs/x86-64--glibc--stable-2025.08-1.tar.xz",
        "artifact": "x86-64--glibc--stable-2025.08-1.tar.xz",
        "size": 93215060,
        "sha256": "760acd5c3159448b618e237b61935335baada74fe0cdc0d7611826cb49b41c8c"
      }
    }
  }
}
