{
  "tool": "pnpm-toolchain",
  "versions": {
    "11.13.0": {
      "linux/x86_64": {
        "url": "https://github.com/pnpm/pnpm/releases/download/v11.13.0/pnpm-linux-x64.tar.gz",
        "artifact": "pnpm-linux-x64.tar.gz",
        "size": 50959618,
        "sha256": "2c15f7b6ab256642f4d01687a2b01e07714d835d05d29ba045bdbde59b17bb4f"
      },
      "linux/aarch64": {
        "url": "https://github.com/pnpm/pnpm/releases/download/v11.13.0/pnpm-linux-arm64.tar.gz",
        "artifact": "pnpm-linux-arm64.tar.gz",
        "size": 51233117,
        "sha256": "73582350f34afc329b55681d328ce5d04dbb0ccea9152c38aaf3929dcf3d987b"
      },
      "macos/aarch64": {
        "url": "https://github.com/pnpm/pnpm/releases/download/v11.13.0/pnpm-darwin-arm64.tar.gz",
        "artifact": "pnpm-darwin-arm64.tar.gz",
        "size": 47951008,
        "sha256": "01af2f0e57108a4f82193a14618c57104c1426137ce62b95e0199852a542880f"
      },
      "windows/x86_64": {
        "url": "https://github.com/pnpm/pnpm/releases/download/v11.13.0/pnpm-win32-x64.zip",
        "artifact": "pnpm-win32-x64.zip",
        "size": 40791857,
        "sha256": "9cc0e38046bc2867b7e92ddc2345fc7a5347531b402fabbacf84d541ac094234"
      },
      "windows/aarch64": {
        "url": "https://github.com/pnpm/pnpm/releases/download/v11.13.0/pnpm-win32-arm64.zip",
        "artifact": "pnpm-win32-arm64.zip",
        "size": 36757707,
        "sha256": "6296b40ce7a3734003f905e9319b04df48aa66df998882a5c2eff91d3c9bb818"
      }
    }
  }
}
