{
  "tool": "mold",
  "versions": {
    "2.41.0": {
      "linux/x86_64": {
        "url": "https://github.com/rui314/mold/releases/download/v2.41.0/mold-2.41.0-x86_64-linux.tar.gz",
        "artifact": "mold-2.41.0-x86_64-linux.tar.gz",
        "size": 5119986,
        "sha256": "a3696680d99e692970590a178bc3a33d78d60d1c6dc9db7a11b557b02b751f5d"
      },
      "linux/aarch64": {
        "url": "https://github.com/rui314/mold/releases/download/v2.41.0/mold-2.41.0-aarch64-linux.tar.gz",
        "artifact": "mold-2.41.0-aarch64-linux.tar.gz",
        "size": 5059679,
        "sha256": "946de2774b06a71346bd59b55fddba610b65b8d93c3a4a1559cc84e103472710"
      }
    }
  }
}
